// !$*UTF8*$!
{
	archiveVersion = 1;
	classes = {
	};
	objectVersion = 77;
	objects = {

/* Begin PBXContainerItemProxy section */
		A78AF8432E44A448006FE47B /* PBXContainerItemProxy */ = {
			isa = PBXContainerItemProxy;
			containerPortal = A78AF82D2E44A447006FE47B /* Project object */;
			proxyType = 1;
			remoteGlobalIDString = A78AF8342E44A447006FE47B;
			remoteInfo = Muybridge;
		};
		A78AF84D2E44A448006FE47B /* PBXContainerItemProxy */ = {
			isa = PBXContainerItemProxy;
			containerPortal = A78AF82D2E44A447006FE47B /* Project object */;
			proxyType = 1;
			remoteGlobalIDString = A78AF8342E44A447006FE47B;
			remoteInfo = Muybridge;
		};
/* End PBXContainerItemProxy section */

/* Begin PBXFileReference section */
		A78AF8352E44A447006FE47B /* Muybridge.app */ = {isa = PBXFileReference; explicitFileType = wrapper.application; includeInIndex = 0; path = Muybridge.app; sourceTree = BUILT_PRODUCTS_DIR; };
		A78AF8422E44A448006FE47B /* MuybridgeTests.xctest */ = {isa = PBXFileReference; explicitFileType = wrapper.cfbundle; includeInIndex = 0; path = MuybridgeTests.xctest; sourceTree = BUILT_PRODUCTS_DIR; };
		A78AF84C2E44A448006FE47B /* MuybridgeUITests.xctest */ = {isa = PBXFileReference; explicitFileType = wrapper.cfbundle; includeInIndex = 0; path = MuybridgeUITests.xctest; sourceTree = BUILT_PRODUCTS_DIR; };
/* End PBXFileReference section */

/* Begin PBXFileSystemSynchronizedBuildFileExceptionSet section */
		A78AF86C2E44AB96006FE47B /* Exceptions for "MuybridgeTests" folder in "MuybridgeTests" target */ = {
			isa = PBXFileSystemSynchronizedBuildFileExceptionSet;
			attributesByRelativePath = {
				Decoder192.mlpackage = (project_codegen, );
			};
			membershipExceptions = (
				Decoder.mlpackage,
				Encoder.mlpackage,
				UNetStep.mlpackage,
			);
			target = A78AF8412E44A448006FE47B /* MuybridgeTests */;
		};
/* End PBXFileSystemSynchronizedBuildFileExceptionSet section */

/* Begin PBXFileSystemSynchronizedGroupBuildPhaseMembershipExceptionSet section */
		A78AF86B2E44A86B006FE47B /* Exceptions for "MuybridgeTests" folder in "Copy Bundle Resources" phase from "MuybridgeTests" target */ = {
			isa = PBXFileSystemSynchronizedGroupBuildPhaseMembershipExceptionSet;
			buildPhase = A78AF8402E44A448006FE47B /* Resources */;
			membershipExceptions = (
				Decoder.mlpackage,
				Encoder.mlpackage,
				ModelBenchTests.swift,
				UNetStep.mlpackage,
			);
		};
/* End PBXFileSystemSynchronizedGroupBuildPhaseMembershipExceptionSet section */

/* Begin PBXFileSystemSynchronizedRootGroup section */
		A78AF8372E44A447006FE47B /* Muybridge */ = {
			isa = PBXFileSystemSynchronizedRootGroup;
			path = Muybridge;
			sourceTree = "<group>";
		};
		A78AF8452E44A448006FE47B /* MuybridgeTests */ = {
			isa = PBXFileSystemSynchronizedRootGroup;
			exceptions = (
				A78AF86C2E44AB96006FE47B /* Exceptions for "MuybridgeTests" folder in "MuybridgeTests" target */,
				A78AF86B2E44A86B006FE47B /* Exceptions for "MuybridgeTests" folder in "Copy Bundle Resources" phase from "MuybridgeTests" target */,
			);
			path = MuybridgeTests;
			sourceTree = "<group>";
		};
		A78AF84F2E44A448006FE47B /* MuybridgeUITests */ = {
			isa = PBXFileSystemSynchronizedRootGroup;
			path = MuybridgeUITests;
			sourceTree = "<group>";
		};
/* End PBXFileSystemSynchronizedRootGroup section */

/* Begin PBXFrameworksBuildPhase section */
		A78AF8322E44A447006FE47B /* Frameworks */ = {
			isa = PBXFrameworksBuildPhase;
			buildActionMask = 2147483647;
			files = (
			);
			runOnlyForDeploymentPostprocessing = 0;
		};
		A78AF83F2E44A448006FE47B /* Frameworks */ = {
			isa = PBXFrameworksBuildPhase;
			buildActionMask = 2147483647;
			files = (
			);
			runOnlyForDeploymentPostprocessing = 0;
		};
		A78AF8492E44A448006FE47B /* Frameworks */ = {
			isa = PBXFrameworksBuildPhase;
			buildActionMask = 2147483647;
			files = (
			);
			runOnlyForDeploymentPostprocessing = 0;
		};
/* End PBXFrameworksBuildPhase section */

/* Begin PBXGroup section */
		A78AF82C2E44A447006FE47B = {
			isa = PBXGroup;
			children = (
				A78AF8372E44A447006FE47B /* Muybridge */,
				A78AF8452E44A448006FE47B /* MuybridgeTests */,
				A78AF84F2E44A448006FE47B /* MuybridgeUITests */,
				A78AF8362E44A447006FE47B /* Products */,
			);
			sourceTree = "<group>";
		};
		A78AF8362E44A447006FE47B /* Products */ = {
			isa = PBXGroup;
			children = (
				A78AF8352E44A447006FE47B /* Muybridge.app */,
				A78AF8422E44A448006FE47B /* MuybridgeTests.xctest */,
				A78AF84C2E44A448006FE47B /* MuybridgeUITests.xctest */,
			);
			name = Products;
			sourceTree = "<group>";
		};
/* End PBXGroup section */

/* Begin PBXNativeTarget section */
		A78AF8342E44A447006FE47B /* Muybridge */ = {
			isa = PBXNativeTarget;
			buildConfigurationList = A78AF8562E44A448006FE47B /* Build configuration list for PBXNativeTarget "Muybridge" */;
			buildPhases = (
				A78AF8312E44A447006FE47B /* Sources */,
				A78AF8322E44A447006FE47B /* Frameworks */,
				A78AF8332E44A447006FE47B /* Resources */,
			);
			buildRules = (
			);
			dependencies = (
			);
			fileSystemSynchronizedGroups = (
				A78AF8372E44A447006FE47B /* Muybridge */,
			);
			name = Muybridge;
			packageProductDependencies = (
			);
			productName = Muybridge;
			productReference = A78AF8352E44A447006FE47B /* Muybridge.app */;
			productType = "com.apple.product-type.application";
		};
		A78AF8412E44A448006FE47B /* MuybridgeTests */ = {
			isa = PBXNativeTarget;
			buildConfigurationList = A78AF8592E44A448006FE47B /* Build configuration list for PBXNativeTarget "MuybridgeTests" */;
			buildPhases = (
				A78AF83E2E44A448006FE47B /* Sources */,
				A78AF83F2E44A448006FE47B /* Frameworks */,
				A78AF8402E44A448006FE47B /* Resources */,
			);
			buildRules = (
			);
			dependencies = (
				A78AF8442E44A448006FE47B /* PBXTargetDependency */,
			);
			fileSystemSynchronizedGroups = (
				A78AF8452E44A448006FE47B /* MuybridgeTests */,
			);
			name = MuybridgeTests;
			packageProductDependencies = (
			);
			productName = MuybridgeTests;
			productReference = A78AF8422E44A448006FE47B /* MuybridgeTests.xctest */;
			productType = "com.apple.product-type.bundle.unit-test";
		};
		A78AF84B2E44A448006FE47B /* MuybridgeUITests */ = {
			isa = PBXNativeTarget;
			buildConfigurationList = A78AF85C2E44A448006FE47B /* Build configuration list for PBXNativeTarget "MuybridgeUITests" */;
			buildPhases = (
				A78AF8482E44A448006FE47B /* Sources */,
				A78AF8492E44A448006FE47B /* Frameworks */,
				A78AF84A2E44A448006FE47B /* Resources */,
			);
			buildRules = (
			);
			dependencies = (
				A78AF84E2E44A448006FE47B /* PBXTargetDependency */,
			);
			fileSystemSynchronizedGroups = (
				A78AF84F2E44A448006FE47B /* MuybridgeUITests */,
			);
			name = MuybridgeUITests;
			packageProductDependencies = (
			);
			productName = MuybridgeUITests;
			productReference = A78AF84C2E44A448006FE47B /* MuybridgeUITests.xctest */;
			productType = "com.apple.product-type.bundle.ui-testing";
		};
/* End PBXNativeTarget section */

/* Begin PBXProject section */
		A78AF82D2E44A447006FE47B /* Project object */ = {
			isa = PBXProject;
			attributes = {
				BuildIndependentTargetsInParallel = 1;
				LastSwiftUpdateCheck = 1640;
				LastUpgradeCheck = 1640;
				TargetAttributes = {
					A78AF8342E44A447006FE47B = {
						CreatedOnToolsVersion = 16.4;
					};
					A78AF8412E44A448006FE47B = {
						CreatedOnToolsVersion = 16.4;
						TestTargetID = A78AF8342E44A447006FE47B;
					};
					A78AF84B2E44A448006FE47B = {
						CreatedOnToolsVersion = 16.4;
						TestTargetID = A78AF8342E44A447006FE47B;
					};
				};
			};
			buildConfigurationList = A78AF8302E44A447006FE47B /* Build configuration list for PBXProject "Muybridge" */;
			developmentRegion = en;
			hasScannedForEncodings = 0;
			knownRegions = (
				en,
				Base,
			);
			mainGroup = A78AF82C2E44A447006FE47B;
			minimizedProjectReferenceProxies = 1;
			preferredProjectObjectVersion = 77;
			productRefGroup = A78AF8362E44A447006FE47B /* Products */;
			projectDirPath = "";
			projectRoot = "";
			targets = (
				A78AF8342E44A447006FE47B /* Muybridge */,
				A78AF8412E44A448006FE47B /* MuybridgeTests */,
				A78AF84B2E44A448006FE47B /* MuybridgeUITests */,
			);
		};
/* End PBXProject section */

/* Begin PBXResourcesBuildPhase section */
		A78AF8332E44A447006FE47B /* Resources */ = {
			isa = PBXResourcesBuildPhase;
			buildActionMask = 2147483647;
			files = (
			);
			runOnlyForDeploymentPostprocessing = 0;
		};
		A78AF8402E44A448006FE47B /* Resources */ = {
			isa = PBXResourcesBuildPhase;
			buildActionMask = 2147483647;
			files = (
			);
			runOnlyForDeploymentPostprocessing = 0;
		};
		A78AF84A2E44A448006FE47B /* Resources */ = {
			isa = PBXResourcesBuildPhase;
			buildActionMask = 2147483647;
			files = (
			);
			runOnlyForDeploymentPostprocessing = 0;
		};
/* End PBXResourcesBuildPhase section */

/* Begin PBXSourcesBuildPhase section */
		A78AF8312E44A447006FE47B /* Sources */ = {
			isa = PBXSourcesBuildPhase;
			buildActionMask = 2147483647;
			files = (
			);
			runOnlyForDeploymentPostprocessing = 0;
		};
		A78AF83E2E44A448006FE47B /* Sources */ = {
			isa = PBXSourcesBuildPhase;
			buildActionMask = 2147483647;
			files = (
			);
			runOnlyForDeploymentPostprocessing = 0;
		};
		A78AF8482E44A448006FE47B /* Sources */ = {
			isa = PBXSourcesBuildPhase;
			buildActionMask = 2147483647;
			files = (
			);
			runOnlyForDeploymentPostprocessing = 0;
		};
/* End PBXSourcesBuildPhase section */

/* Begin PBXTargetDependency section */
		A78AF8442E44A448006FE47B /* PBXTargetDependency */ = {
			isa = PBXTargetDependency;
			target = A78AF8342E44A447006FE47B /* Muybridge */;
			targetProxy = A78AF8432E44A448006FE47B /* PBXContainerItemProxy */;
		};
		A78AF84E2E44A448006FE47B /* PBXTargetDependency */ = {
			isa = PBXTargetDependency;
			target = A78AF8342E44A447006FE47B /* Muybridge */;
			targetProxy = A78AF84D2E44A448006FE47B /* PBXContainerItemProxy */;
		};
/* End PBXTargetDependency section */

/* Begin XCBuildConfiguration section */
		A78AF8542E44A448006FE47B /* Debug */ = {
			isa = XCBuildConfiguration;
			buildSettings = {
				ALWAYS_SEARCH_USER_PATHS = NO;
				ASSETCATALOG_COMPILER_GENERATE_SWIFT_ASSET_SYMBOL_EXTENSIONS = YES;
				CLANG_ANALYZER_NONNULL = YES;
				CLANG_ANALYZER_NUMBER_OBJECT_CONVERSION = YES_AGGRESSIVE;
				CLANG_CXX_LANGUAGE_STANDARD = "gnu++20";
				CLANG_ENABLE_MODULES = YES;
				CLANG_ENABLE_OBJC_ARC = YES;
				CLANG_ENABLE_OBJC_WEAK = YES;
				CLANG_WARN_BLOCK_CAPTURE_AUTORELEASING = YES;
				CLANG_WARN_BOOL_CONVERSION = YES;
				CLANG_WARN_COMMA = YES;
				CLANG_WARN_CONSTANT_CONVERSION = YES;
				CLANG_WARN_DEPRECATED_OBJC_IMPLEMENTATIONS = YES;
				CLANG_WARN_DIRECT_OBJC_ISA_USAGE = YES_ERROR;
				CLANG_WARN_DOCUMENTATION_COMMENTS = YES;
				CLANG_WARN_EMPTY_BODY = YES;
				CLANG_WARN_ENUM_CONVERSION = YES;
				CLANG_WARN_INFINITE_RECURSION = YES;
				CLANG_WARN_INT_CONVERSION = YES;
				CLANG_WARN_NON_LITERAL_NULL_CONVERSION = YES;
				CLANG_WARN_OBJC_IMPLICIT_RETAIN_SELF = YES;
				CLANG_WARN_OBJC_LITERAL_CONVERSION = YES;
				CLANG_WARN_OBJC_ROOT_CLASS = YES_ERROR;
				CLANG_WARN_QUOTED_INCLUDE_IN_FRAMEWORK_HEADER = YES;
				CLANG_WARN_RANGE_LOOP_ANALYSIS = YES;
				CLANG_WARN_STRICT_PROTOTYPES = YES;
				CLANG_WARN_SUSPICIOUS_MOVE = YES;
				CLANG_WARN_UNGUARDED_AVAILABILITY = YES_AGGRESSIVE;
				CLANG_WARN_UNREACHABLE_CODE = YES;
				CLANG_WARN__DUPLICATE_METHOD_MATCH = YES;
				COPY_PHASE_STRIP = NO;
				DEBUG_INFORMATION_FORMAT = dwarf;
				DEVELOPMENT_TEAM = CR45W6ZSR7;
				ENABLE_STRICT_OBJC_MSGSEND = YES;
				ENABLE_TESTABILITY = YES;
				ENABLE_USER_SCRIPT_SANDBOXING = YES;
				GCC_C_LANGUAGE_STANDARD = gnu17;
				GCC_DYNAMIC_NO_PIC = NO;
				GCC_NO_COMMON_BLOCKS = YES;
				GCC_OPTIMIZATION_LEVEL = 0;
				GCC_PREPROCESSOR_DEFINITIONS = (
					"DEBUG=1",
					"$(inherited)",
				);
				GCC_WARN_64_TO_32_BIT_CONVERSION = YES;
				GCC_WARN_ABOUT_RETURN_TYPE = YES_ERROR;
				GCC_WARN_UNDECLARED_SELECTOR = YES;
				GCC_WARN_UNINITIALIZED_AUTOS = YES_AGGRESSIVE;
				GCC_WARN_UNUSED_FUNCTION = YES;
				GCC_WARN_UNUSED_VARIABLE = YES;
				IPHONEOS_DEPLOYMENT_TARGET = 18.5;
				LOCALIZATION_PREFERS_STRING_CATALOGS = YES;
				MTL_ENABLE_DEBUG_INFO = INCLUDE_SOURCE;
				MTL_FAST_MATH = YES;
				ONLY_ACTIVE_ARCH = YES;
				SDKROOT = iphoneos;
				SWIFT_ACTIVE_COMPILATION_CONDITIONS = "DEBUG $(inherited)";
				SWIFT_OPTIMIZATION_LEVEL = "-Onone";
			};
			name = Debug;
		};
		A78AF8552E44A448006FE47B /* Release */ = {
			isa = XCBuildConfiguration;
			buildSettings = {
				ALWAYS_SEARCH_USER_PATHS = NO;
				ASSETCATALOG_COMPILER_GENERATE_SWIFT_ASSET_SYMBOL_EXTENSIONS = YES;
				CLANG_ANALYZER_NONNULL = YES;
				CLANG_ANALYZER_NUMBER_OBJECT_CONVERSION = YES_AGGRESSIVE;
				CLANG_CXX_LANGUAGE_STANDARD = "gnu++20";
				CLANG_ENABLE_MODULES = YES;
				CLANG_ENABLE_OBJC_ARC = YES;
				CLANG_ENABLE_OBJC_WEAK = YES;
				CLANG_WARN_BLOCK_CAPTURE_AUTORELEASING = YES;
				CLANG_WARN_BOOL_CONVERSION = YES;
				CLANG_WARN_COMMA = YES;
				CLANG_WARN_CONSTANT_CONVERSION = YES;
				CLANG_WARN_DEPRECATED_OBJC_IMPLEMENTATIONS = YES;
				CLANG_WARN_DIRECT_OBJC_ISA_USAGE = YES_ERROR;
				CLANG_WARN_DOCUMENTATION_COMMENTS = YES;
				CLANG_WARN_EMPTY_BODY = YES;
				CLANG_WARN_ENUM_CONVERSION = YES;
				CLANG_WARN_INFINITE_RECURSION = YES;
				CLANG_WARN_INT_CONVERSION = YES;
				CLANG_WARN_NON_LITERAL_NULL_CONVERSION = YES;
				CLANG_WARN_OBJC_IMPLICIT_RETAIN_SELF = YES;
				CLANG_WARN_OBJC_LITERAL_CONVERSION = YES;
				CLANG_WARN_OBJC_ROOT_CLASS = YES_ERROR;
				CLANG_WARN_QUOTED_INCLUDE_IN_FRAMEWORK_HEADER = YES;
				CLANG_WARN_RANGE_LOOP_ANALYSIS = YES;
				CLANG_WARN_STRICT_PROTOTYPES = YES;
				CLANG_WARN_SUSPICIOUS_MOVE = YES;
				CLANG_WARN_UNGUARDED_AVAILABILITY = YES_AGGRESSIVE;
				CLANG_WARN_UNREACHABLE_CODE = YES;
				CLANG_WARN__DUPLICATE_METHOD_MATCH = YES;
				COPY_PHASE_STRIP = NO;
				DEBUG_INFORMATION_FORMAT = "dwarf-with-dsym";
				DEVELOPMENT_TEAM = CR45W6ZSR7;
				ENABLE_NS_ASSERTIONS = NO;
				ENABLE_STRICT_OBJC_MSGSEND = YES;
				ENABLE_USER_SCRIPT_SANDBOXING = YES;
				GCC_C_LANGUAGE_STANDARD = gnu17;
				GCC_NO_COMMON_BLOCKS = YES;
				GCC_WARN_64_TO_32_BIT_CONVERSION = YES;
				GCC_WARN_ABOUT_RETURN_TYPE = YES_ERROR;
				GCC_WARN_UNDECLARED_SELECTOR = YES;
				GCC_WARN_UNINITIALIZED_AUTOS = YES_AGGRESSIVE;
				GCC_WARN_UNUSED_FUNCTION = YES;
				GCC_WARN_UNUSED_VARIABLE = YES;
				IPHONEOS_DEPLOYMENT_TARGET = 18.5;
				LOCALIZATION_PREFERS_STRING_CATALOGS = YES;
				MTL_ENABLE_DEBUG_INFO = NO;
				MTL_FAST_MATH = YES;
				SDKROOT = iphoneos;
				SWIFT_COMPILATION_MODE = wholemodule;
				VALIDATE_PRODUCT = YES;
			};
			name = Release;
		};
		A78AF8572E44A448006FE47B /* Debug */ = {
			isa = XCBuildConfiguration;
			buildSettings = {
				ASSETCATALOG_COMPILER_APPICON_NAME = AppIcon;
				ASSETCATALOG_COMPILER_GLOBAL_ACCENT_COLOR_NAME = AccentColor;
				CODE_SIGN_STYLE = Automatic;
				CURRENT_PROJECT_VERSION = 1;
				DEVELOPMENT_TEAM = CR45W6ZSR7;
				ENABLE_PREVIEWS = YES;
				GENERATE_INFOPLIST_FILE = YES;
				INFOPLIST_KEY_UIApplicationSceneManifest_Generation = YES;
				INFOPLIST_KEY_UIApplicationSupportsIndirectInputEvents = YES;
				INFOPLIST_KEY_UILaunchScreen_Generation = YES;
				INFOPLIST_KEY_UISupportedInterfaceOrientations_iPad = "UIInterfaceOrientationPortrait UIInterfaceOrientationPortraitUpsideDown UIInterfaceOrientationLandscapeLeft UIInterfaceOrientationLandscapeRight";
				INFOPLIST_KEY_UISupportedInterfaceOrientations_iPhone = "UIInterfaceOrientationPortrait UIInterfaceOrientationLandscapeLeft UIInterfaceOrientationLandscapeRight";
				LD_RUNPATH_SEARCH_PATHS = (
					"$(inherited)",
					"@executable_path/Frameworks",
				);
				MARKETING_VERSION = 1.0;
				PRODUCT_BUNDLE_IDENTIFIER = ETHZ.Muybridge;
				PRODUCT_NAME = "$(TARGET_NAME)";
				SWIFT_EMIT_LOC_STRINGS = YES;
				SWIFT_VERSION = 5.0;
				TARGETED_DEVICE_FAMILY = "1,2";
			};
			name = Debug;
		};
		A78AF8582E44A448006FE47B /* Release */ = {
			isa = XCBuildConfiguration;
			buildSettings = {
				ASSETCATALOG_COMPILER_APPICON_NAME = AppIcon;
				ASSETCATALOG_COMPILER_GLOBAL_ACCENT_COLOR_NAME = AccentColor;
				CODE_SIGN_STYLE = Automatic;
				CURRENT_PROJECT_VERSION = 1;
				DEVELOPMENT_TEAM = CR45W6ZSR7;
				ENABLE_PREVIEWS = YES;
				GENERATE_INFOPLIST_FILE = YES;
				INFOPLIST_KEY_UIApplicationSceneManifest_Generation = YES;
				INFOPLIST_KEY_UIApplicationSupportsIndirectInputEvents = YES;
				INFOPLIST_KEY_UILaunchScreen_Generation = YES;
				INFOPLIST_KEY_UISupportedInterfaceOrientations_iPad = "UIInterfaceOrientationPortrait UIInterfaceOrientationPortraitUpsideDown UIInterfaceOrientationLandscapeLeft UIInterfaceOrientationLandscapeRight";
				INFOPLIST_KEY_UISupportedInterfaceOrientations_iPhone = "UIInterfaceOrientationPortrait UIInterfaceOrientationLandscapeLeft UIInterfaceOrientationLandscapeRight";
				LD_RUNPATH_SEARCH_PATHS = (
					"$(inherited)",
					"@executable_path/Frameworks",
				);
				MARKETING_VERSION = 1.0;
				PRODUCT_BUNDLE_IDENTIFIER = ETHZ.Muybridge;
				PRODUCT_NAME = "$(TARGET_NAME)";
				SWIFT_EMIT_LOC_STRINGS = YES;
				SWIFT_VERSION = 5.0;
				TARGETED_DEVICE_FAMILY = "1,2";
			};
			name = Release;
		};
		A78AF85A2E44A448006FE47B /* Debug */ = {
			isa = XCBuildConfiguration;
			buildSettings = {
				BUNDLE_LOADER = "$(TEST_HOST)";
				CODE_SIGN_STYLE = Automatic;
				CURRENT_PROJECT_VERSION = 1;
				DEVELOPMENT_TEAM = CR45W6ZSR7;
				GENERATE_INFOPLIST_FILE = YES;
				IPHONEOS_DEPLOYMENT_TARGET = 18.5;
				MARKETING_VERSION = 1.0;
				PRODUCT_BUNDLE_IDENTIFIER = ETHZ.MuybridgeTests;
				PRODUCT_NAME = "$(TARGET_NAME)";
				SWIFT_EMIT_LOC_STRINGS = NO;
				SWIFT_VERSION = 5.0;
				TARGETED_DEVICE_FAMILY = "1,2";
				TEST_HOST = "$(BUILT_PRODUCTS_DIR)/Muybridge.app/$(BUNDLE_EXECUTABLE_FOLDER_PATH)/Muybridge";
			};
			name = Debug;
		};
		A78AF85B2E44A448006FE47B /* Release */ = {
			isa = XCBuildConfiguration;
			buildSettings = {
				BUNDLE_LOADER = "$(TEST_HOST)";
				CODE_SIGN_STYLE = Automatic;
				CURRENT_PROJECT_VERSION = 1;
				DEVELOPMENT_TEAM = CR45W6ZSR7;
				GENERATE_INFOPLIST_FILE = YES;
				IPHONEOS_DEPLOYMENT_TARGET = 18.5;
				MARKETING_VERSION = 1.0;
				PRODUCT_BUNDLE_IDENTIFIER = ETHZ.MuybridgeTests;
				PRODUCT_NAME = "$(TARGET_NAME)";
				SWIFT_EMIT_LOC_STRINGS = NO;
				SWIFT_VERSION = 5.0;
				TARGETED_DEVICE_FAMILY = "1,2";
				TEST_HOST = "$(BUILT_PRODUCTS_DIR)/Muybridge.app/$(BUNDLE_EXECUTABLE_FOLDER_PATH)/Muybridge";
			};
			name = Release;
		};
		A78AF85D2E44A448006FE47B /* Debug */ = {
			isa = XCBuildConfiguration;
			buildSettings = {
				CODE_SIGN_STYLE = Automatic;
				CURRENT_PROJECT_VERSION = 1;
				DEVELOPMENT_TEAM = CR45W6ZSR7;
				GENERATE_INFOPLIST_FILE = YES;
				MARKETING_VERSION = 1.0;
				PRODUCT_BUNDLE_IDENTIFIER = ETHZ.MuybridgeUITests;
				PRODUCT_NAME = "$(TARGET_NAME)";
				SWIFT_EMIT_LOC_STRINGS = NO;
				SWIFT_VERSION = 5.0;
				TARGETED_DEVICE_FAMILY = "1,2";
				TEST_TARGET_NAME = Muybridge;
			};
			name = Debug;
		};
		A78AF85E2E44A448006FE47B /* Release */ = {
			isa = XCBuildConfiguration;
			buildSettings = {
				CODE_SIGN_STYLE = Automatic;
				CURRENT_PROJECT_VERSION = 1;
				DEVELOPMENT_TEAM = CR45W6ZSR7;
				GENERATE_INFOPLIST_FILE = YES;
				MARKETING_VERSION = 1.0;
				PRODUCT_BUNDLE_IDENTIFIER = ETHZ.MuybridgeUITests;
				PRODUCT_NAME = "$(TARGET_NAME)";
				SWIFT_EMIT_LOC_STRINGS = NO;
				SWIFT_VERSION = 5.0;
				TARGETED_DEVICE_FAMILY = "1,2";
				TEST_TARGET_NAME = Muybridge;
			};
			name = Release;
		};
/* End XCBuildConfiguration section */

/* Begin XCConfigurationList section */
		A78AF8302E44A447006FE47B /* Build configuration list for PBXProject "Muybridge" */ = {
			isa = XCConfigurationList;
			buildConfigurations = (
				A78AF8542E44A448006FE47B /* Debug */,
				A78AF8552E44A448006FE47B /* Release */,
			);
			defaultConfigurationIsVisible = 0;
			defaultConfigurationName = Release;
		};
		A78AF8562E44A448006FE47B /* Build configuration list for PBXNativeTarget "Muybridge" */ = {
			isa = XCConfigurationList;
			buildConfigurations = (
				A78AF8572E44A448006FE47B /* Debug */,
				A78AF8582E44A448006FE47B /* Release */,
			);
			defaultConfigurationIsVisible = 0;
			defaultConfigurationName = Release;
		};
		A78AF8592E44A448006FE47B /* Build configuration list for PBXNativeTarget "MuybridgeTests" */ = {
			isa = XCConfigurationList;
			buildConfigurations = (
				A78AF85A2E44A448006FE47B /* Debug */,
				A78AF85B2E44A448006FE47B /* Release */,
			);
			defaultConfigurationIsVisible = 0;
			defaultConfigurationName = Release;
		};
		A78AF85C2E44A448006FE47B /* Build configuration list for PBXNativeTarget "MuybridgeUITests" */ = {
			isa = XCConfigurationList;
			buildConfigurations = (
				A78AF85D2E44A448006FE47B /* Debug */,
				A78AF85E2E44A448006FE47B /* Release */,
			);
			defaultConfigurationIsVisible = 0;
			defaultConfigurationName = Release;
		};
/* End XCConfigurationList section */
	};
	rootObject = A78AF82D2E44A447006FE47B /* Project object */;
}
